// !$*UTF8*$!
{
	archiveVersion = 1;
	classes = {
	};
	objectVersion = 46;
	objects = {

/* Begin PBXBuildFile section */
		10B509F61ADC7FDA00349631 /* AppDelegate.swift in Sources */ = {isa = PBXBuildFile; fileRef = 10B509F51ADC7FDA00349631 /* AppDelegate.swift */; };
		10B509F81ADC7FDA00349631 /* ViewController.swift in Sources */ = {isa = PBXBuildFile; fileRef = 10B509F71ADC7FDA00349631 /* ViewController.swift */; };
		10B509FB1ADC7FDA00349631 /* Main.storyboard in Resources */ = {isa = PBXBuildFile; fileRef = 10B509F91ADC7FDA00349631 /* Main.storyboard */; };
		10B509FD1ADC7FDA00349631 /* Images.xcassets in Resources */ = {isa = PBXBuildFile; fileRef = 10B509FC1ADC7FDA00349631 /* Images.xcassets */; };
		10B50A001ADC7FDA00349631 /* LaunchScreen.xib in Resources */ = {isa = PBXBuildFile; fileRef = 10B509FE1ADC7FDA00349631 /* LaunchScreen.xib */; };
		10B50A0C1ADC7FDA00349631 /* TennisKataTests.swift in Sources */ = {isa = PBXBuildFile; fileRef = 10B50A0B1ADC7FDA00349631 /* TennisKataTests.swift */; };
		10B50A161ADC81C200349631 /* Jogo.swift in Sources */ = {isa = PBXBuildFile; fileRef = 10B50A151ADC81C200349631 /* Jogo.swift */; };
		10B50A171ADC81C200349631 /* Jogo.swift in Sources */ = {isa = PBXBuildFile; fileRef = 10B50A151ADC81C200349631 /* Jogo.swift */; };
/* End PBXBuildFile section */

/* Begin PBXContainerItemProxy section */
		10B50A061ADC7FDA00349631 /* PBXContainerItemProxy */ = {
			isa = PBXContainerItemProxy;
			containerPortal = 10B509E81ADC7FDA00349631 /* Project object */;
			proxyType = 1;
			remoteGlobalIDString = 10B509EF1ADC7FDA00349631;
			remoteInfo = TennisKata;
		};
/* End PBXContainerItemProxy section */

/* Begin PBXFileReference section */
		10B509F01ADC7FDA00349631 /* TennisKata.app */ = {isa = PBXFileReference; explicitFileType = wrapper.application; includeInIndex = 0; path = TennisKata.app; sourceTree = BUILT_PRODUCTS_DIR; };
		10B509F41ADC7FDA00349631 /* Info.plist */ = {isa = PBXFileReference; lastKnownFileType = text.plist.xml; path = Info.plist; sourceTree = "<group>"; };
		10B509F51ADC7FDA00349631 /* AppDelegate.swift */ = {isa = PBXFileReference; lastKnownFileType = sourcecode.swift; path = AppDelegate.swift; sourceTree = "<group>"; };
		10B509F71ADC7FDA00349631 /* ViewController.swift */ = {isa = PBXFileReference; lastKnownFileType = sourcecode.swift; path = ViewController.swift; sourceTree = "<group>"; };
		10B509FA1ADC7FDA00349631 /* Base */ = {isa = PBXFileReference; lastKnownFileType = file.storyboard; name = Base; path = Base.lproj/Main.storyboard; sourceTree = "<group>"; };
		10B509FC1ADC7FDA00349631 /* Images.xcassets */ = {isa = PBXFileReference; lastKnownFileType = folder.assetcatalog; path = Images.xcassets; sourceTree = "<group>"; };
		10B509FF1ADC7FDA00349631 /* Base */ = {isa = PBXFileReference; lastKnownFileType = file.xib; name = Base; path = Base.lproj/LaunchScreen.xib; sourceTree = "<group>"; };
		10B50A051ADC7FDA00349631 /* TennisKataTests.xctest */ = {isa = PBXFileReference; explicitFileType = wrapper.cfbundle; includeInIndex = 0; path = TennisKataTests.xctest; sourceTree = BUILT_PRODUCTS_DIR; };
		10B50A0A1ADC7FDA00349631 /* Info.plist */ = {isa = PBXFileReference; lastKnownFileType = text.plist.xml; path = Info.plist; sourceTree = "<group>"; };
		10B50A0B1ADC7FDA00349631 /* TennisKataTests.swift */ = {isa = PBXFileReference; lastKnownFileType = sourcecode.swift; path = TennisKataTests.swift; sourceTree = "<group>"; };
		10B50A151ADC81C200349631 /* Jogo.swift */ = {isa = PBXFileReference; fileEncoding = 4; lastKnownFileType = sourcecode.swift; path = Jogo.swift; sourceTree = "<group>"; };
/* End PBXFileReference section */

/* Begin PBXFrameworksBuildPhase section */
		10B509ED1ADC7FDA00349631 /* Frameworks */ = {
			isa = PBXFrameworksBuildPhase;
			buildActionMask = 2147483647;
			files = (
			);
			runOnlyForDeploymentPostprocessing = 0;
		};
		10B50A021ADC7FDA00349631 /* Frameworks */ = {
			isa = PBXFrameworksBuildPhase;
			buildActionMask = 2147483647;
			files = (
			);
			runOnlyForDeploymentPostprocessing = 0;
		};
/* End PBXFrameworksBuildPhase section */

/* Begin PBXGroup section */
		10B509E71ADC7FDA00349631 = {
			isa = PBXGroup;
			children = (
				10B509F21ADC7FDA00349631 /* TennisKata */,
				10B50A081ADC7FDA00349631 /* TennisKataTests */,
				10B509F11ADC7FDA00349631 /* Products */,
			);
			sourceTree = "<group>";
		};
		10B509F11ADC7FDA00349631 /* Products */ = {
			isa = PBXGroup;
			children = (
				10B509F01ADC7FDA00349631 /* TennisKata.app */,
				10B50A051ADC7FDA00349631 /* TennisKataTests.xctest */,
			);
			name = Products;
			sourceTree = "<group>";
		};
		10B509F21ADC7FDA00349631 /* TennisKata */ = {
			isa = PBXGroup;
			children = (
				10B509F31ADC7FDA00349631 /* Supporting Files */,
				10B50A151ADC81C200349631 /* Jogo.swift */,
			);
			path = TennisKata;
			sourceTree = "<group>";
		};
		10B509F31ADC7FDA00349631 /* Supporting Files */ = {
			isa = PBXGroup;
			children = (
				10B509F51ADC7FDA00349631 /* AppDelegate.swift */,
				10B509F71ADC7FDA00349631 /* ViewController.swift */,
				10B509F91ADC7FDA00349631 /* Main.storyboard */,
				10B509FC1ADC7FDA00349631 /* Images.xcassets */,
				10B509FE1ADC7FDA00349631 /* LaunchScreen.xib */,
				10B509F41ADC7FDA00349631 /* Info.plist */,
			);
			name = "Supporting Files";
			sourceTree = "<group>";
		};
		10B50A081ADC7FDA00349631 /* TennisKataTests */ = {
			isa = PBXGroup;
			children = (
				10B50A0B1ADC7FDA00349631 /* TennisKataTests.swift */,
				10B50A091ADC7FDA00349631 /* Supporting Files */,
			);
			path = TennisKataTests;
			sourceTree = "<group>";
		};
		10B50A091ADC7FDA00349631 /* Supporting Files */ = {
			isa = PBXGroup;
			children = (
				10B50A0A1ADC7FDA00349631 /* Info.plist */,
			);
			name = "Supporting Files";
			sourceTree = "<group>";
		};
/* End PBXGroup section */

/* Begin PBXNativeTarget section */
		10B509EF1ADC7FDA00349631 /* TennisKata */ = {
			isa = PBXNativeTarget;
			buildConfigurationList = 10B50A0F1ADC7FDA00349631 /* Build configuration list for PBXNativeTarget "TennisKata" */;
			buildPhases = (
				10B509EC1ADC7FDA00349631 /* Sources */,
				10B509ED1ADC7FDA00349631 /* Frameworks */,
				10B509EE1ADC7FDA00349631 /* Resources */,
			);
			buildRules = (
			);
			dependencies = (
			);
			name = TennisKata;
			productName = TennisKata;
			productReference = 10B509F01ADC7FDA00349631 /* TennisKata.app */;
			productType = "com.apple.product-type.application";
		};
		10B50A041ADC7FDA00349631 /* TennisKataTests */ = {
			isa = PBXNativeTarget;
			buildConfigurationList = 10B50A121ADC7FDA00349631 /* Build configuration list for PBXNativeTarget "TennisKataTests" */;
			buildPhases = (
				10B50A011ADC7FDA00349631 /* Sources */,
				10B50A021ADC7FDA00349631 /* Frameworks */,
				10B50A031ADC7FDA00349631 /* Resources */,
			);
			buildRules = (
			);
			dependencies = (
				10B50A071ADC7FDA00349631 /* PBXTargetDependency */,
			);
			name = TennisKataTests;
			productName = TennisKataTests;
			productReference = 10B50A051ADC7FDA00349631 /* TennisKataTests.xctest */;
			productType = "com.apple.product-type.bundle.unit-test";
		};
/* End PBXNativeTarget section */

/* Begin PBXProject section */
		10B509E81ADC7FDA00349631 /* Project object */ = {
			isa = PBXProject;
			attributes = {
				LastUpgradeCheck = 0630;
				ORGANIZATIONNAME = mobLee;
				TargetAttributes = {
					10B509EF1ADC7FDA00349631 = {
						CreatedOnToolsVersion = 6.3;
					};
					10B50A041ADC7FDA00349631 = {
						CreatedOnToolsVersion = 6.3;
						TestTargetID = 10B509EF1ADC7FDA00349631;
					};
				};
			};
			buildConfigurationList = 10B509EB1ADC7FDA00349631 /* Build configuration list for PBXProject "TennisKata" */;
			compatibilityVersion = "Xcode 3.2";
			developmentRegion = English;
			hasScannedForEncodings = 0;
			knownRegions = (
				en,
				Base,
			);
			mainGroup = 10B509E71ADC7FDA00349631;
			productRefGroup = 10B509F11ADC7FDA00349631 /* Products */;
			projectDirPath = "";
			projectRoot = "";
			targets = (
				10B509EF1ADC7FDA00349631 /* TennisKata */,
				10B50A041ADC7FDA00349631 /* TennisKataTests */,
			);
		};
/* End PBXProject section */

/* Begin PBXResourcesBuildPhase section */
		10B509EE1ADC7FDA00349631 /* Resources */ = {
			isa = PBXResourcesBuildPhase;
			buildActionMask = 2147483647;
			files = (
				10B509FB1ADC7FDA00349631 /* Main.storyboard in Resources */,
				10B50A001ADC7FDA00349631 /* LaunchScreen.xib in Resources */,
				10B509FD1ADC7FDA00349631 /* Images.xcassets in Resources */,
			);
			runOnlyForDeploymentPostprocessing = 0;
		};
		10B50A031ADC7FDA00349631 /* Resources */ = {
			isa = PBXResourcesBuildPhase;
			buildActionMask = 2147483647;
			files = (
			);
			runOnlyForDeploymentPostprocessing = 0;
		};
/* End PBXResourcesBuildPhase section */

/* Begin PBXSourcesBuildPhase section */
		10B509EC1ADC7FDA00349631 /* Sources */ = {
			isa = PBXSourcesBuildPhase;
			buildActionMask = 2147483647;
			files = (
				10B509F81ADC7FDA00349631 /* ViewController.swift in Sources */,
				10B509F61ADC7FDA00349631 /* AppDelegate.swift in Sources */,
				10B50A161ADC81C200349631 /* Jogo.swift in Sources */,
			);
			runOnlyForDeploymentPostprocessing = 0;
		};
		10B50A011ADC7FDA00349631 /* Sources */ = {
			isa = PBXSourcesBuildPhase;
			buildActionMask = 2147483647;
			files = (
				10B50A171ADC81C200349631 /* Jogo.swift in Sources */,
				10B50A0C1ADC7FDA00349631 /* TennisKataTests.swift in Sources */,
			);
			runOnlyForDeploymentPostprocessing = 0;
		};
/* End PBXSourcesBuildPhase section */

/* Begin PBXTargetDependency section */
		10B50A071ADC7FDA00349631 /* PBXTargetDependency */ = {
			isa = PBXTargetDependency;
			target = 10B509EF1ADC7FDA00349631 /* TennisKata */;
			targetProxy = 10B50A061ADC7FDA00349631 /* PBXContainerItemProxy */;
		};
/* End PBXTargetDependency section */

/* Begin PBXVariantGroup section */
		10B509F91ADC7FDA00349631 /* Main.storyboard */ = {
			isa = PBXVariantGroup;
			children = (
				10B509FA1ADC7FDA00349631 /* Base */,
			);
			name = Main.storyboard;
			sourceTree = "<group>";
		};
		10B509FE1ADC7FDA00349631 /* LaunchScreen.xib */ = {
			isa = PBXVariantGroup;
			children = (
				10B509FF1ADC7FDA00349631 /* Base */,
			);
			name = LaunchScreen.xib;
			sourceTree = "<group>";
		};
/* End PBXVariantGroup section */

/* Begin XCBuildConfiguration section */
		10B50A0D1ADC7FDA00349631 /* Debug */ = {
			isa = XCBuildConfiguration;
			buildSettings = {
				ALWAYS_SEARCH_USER_PATHS = NO;
				CLANG_CXX_LANGUAGE_STANDARD = "gnu++0x";
				CLANG_CXX_LIBRARY = "libc++";
				CLANG_ENABLE_MODULES = YES;
				CLANG_ENABLE_OBJC_ARC = YES;
				CLANG_WARN_BOOL_CONVERSION = YES;
				CLANG_WARN_CONSTANT_CONVERSION = YES;
				CLANG_WARN_DIRECT_OBJC_ISA_USAGE = YES_ERROR;
				CLANG_WARN_EMPTY_BODY = YES;
				CLANG_WARN_ENUM_CONVERSION = YES;
				CLANG_WARN_INT_CONVERSION = YES;
				CLANG_WARN_OBJC_ROOT_CLASS = YES_ERROR;
				CLANG_WARN_UNREACHABLE_CODE = YES;
				CLANG_WARN__DUPLICATE_METHOD_MATCH = YES;
				"CODE_SIGN_IDENTITY[sdk=iphoneos*]" = "iPhone Developer";
				COPY_PHASE_STRIP = NO;
				DEBUG_INFORMATION_FORMAT = "dwarf-with-dsym";
				ENABLE_STRICT_OBJC_MSGSEND = YES;
				GCC_C_LANGUAGE_STANDARD = gnu99;
				GCC_DYNAMIC_NO_PIC = NO;
				GCC_NO_COMMON_BLOCKS = YES;
				GCC_OPTIMIZATION_LEVEL = 0;
				GCC_PREPROCESSOR_DEFINITIONS = (
					"DEBUG=1",
					"$(inherited)",
				);
				GCC_SYMBOLS_PRIVATE_EXTERN = NO;
				GCC_WARN_64_TO_32_BIT_CONVERSION = YES;
				GCC_WARN_ABOUT_RETURN_TYPE = YES_ERROR;
				GCC_WARN_UNDECLARED_SELECTOR = YES;
				GCC_WARN_UNINITIALIZED_AUTOS = YES_AGGRESSIVE;
				GCC_WARN_UNUSED_FUNCTION = YES;
				GCC_WARN_UNUSED_VARIABLE = YES;
				IPHONEOS_DEPLOYMENT_TARGET = 8.3;
				MTL_ENABLE_DEBUG_INFO = YES;
				ONLY_ACTIVE_ARCH = YES;
				SDKROOT = iphoneos;
				SWIFT_OPTIMIZATION_LEVEL = "-Onone";
			};
			name = Debug;
		};
		10B50A0E1ADC7FDA00349631 /* Release */ = {
			isa = XCBuildConfiguration;
			buildSettings = {
				ALWAYS_SEARCH_USER_PATHS = NO;
				CLANG_CXX_LANGUAGE_STANDARD = "gnu++0x";
				CLANG_CXX_LIBRARY = "libc++";
				CLANG_ENABLE_MODULES = YES;
				CLANG_ENABLE_OBJC_ARC = YES;
				CLANG_WARN_BOOL_CONVERSION = YES;
				CLANG_WARN_CONSTANT_CONVERSION = YES;
				CLANG_WARN_DIRECT_OBJC_ISA_USAGE = YES_ERROR;
				CLANG_WARN_EMPTY_BODY = YES;
				CLANG_WARN_ENUM_CONVERSION = YES;
				CLANG_WARN_INT_CONVERSION = YES;
				CLANG_WARN_OBJC_ROOT_CLASS = YES_ERROR;
				CLANG_WARN_UNREACHABLE_CODE = YES;
				CLANG_WARN__DUPLICATE_METHOD_MATCH = YES;
				"CODE_SIGN_IDENTITY[sdk=iphoneos*]" = "iPhone Developer";
				COPY_PHASE_STRIP = NO;
				DEBUG_INFORMATION_FORMAT = "dwarf-with-dsym";
				ENABLE_NS_ASSERTIONS = NO;
				ENABLE_STRICT_OBJC_MSGSEND = YES;
				GCC_C_LANGUAGE_STANDARD = gnu99;
				GCC_NO_COMMON_BLOCKS = YES;
				GCC_WARN_64_TO_32_BIT_CONVERSION = YES;
				GCC_WARN_ABOUT_RETURN_TYPE = YES_ERROR;
				GCC_WARN_UNDECLARED_SELECTOR = YES;
				GCC_WARN_UNINITIALIZED_AUTOS = YES_AGGRESSIVE;
				GCC_WARN_UNUSED_FUNCTION = YES;
				GCC_WARN_UNUSED_VARIABLE = YES;
				IPHONEOS_DEPLOYMENT_TARGET = 8.3;
				MTL_ENABLE_DEBUG_INFO = NO;
				SDKROOT = iphoneos;
				VALIDATE_PRODUCT = YES;
			};
			name = Release;
		};
		10B50A101ADC7FDA00349631 /* Debug */ = {
			isa = XCBuildConfiguration;
			buildSettings = {
				ASSETCATALOG_COMPILER_APPICON_NAME = AppIcon;
				INFOPLIST_FILE = TennisKata/Info.plist;
				LD_RUNPATH_SEARCH_PATHS = "$(inherited) @executable_path/Frameworks";
				PRODUCT_NAME = "$(TARGET_NAME)";
			};
			name = Debug;
		};
		10B50A111ADC7FDA00349631 /* Release */ = {
			isa = XCBuildConfiguration;
			buildSettings = {
				ASSETCATALOG_COMPILER_APPICON_NAME = AppIcon;
				INFOPLIST_FILE = TennisKata/Info.plist;
				LD_RUNPATH_SEARCH_PATHS = "$(inherited) @executable_path/Frameworks";
				PRODUCT_NAME = "$(TARGET_NAME)";
			};
			name = Release;
		};
		10B50A131ADC7FDA00349631 /* Debug */ = {
			isa = XCBuildConfiguration;
			buildSettings = {
				BUNDLE_LOADER = "$(TEST_HOST)";
				FRAMEWORK_SEARCH_PATHS = (
					"$(SDKROOT)/Developer/Library/Frameworks",
					"$(inherited)",
				);
				GCC_PREPROCESSOR_DEFINITIONS = (
					"DEBUG=1",
					"$(inherited)",
				);
				INFOPLIST_FILE = TennisKataTests/Info.plist;
				LD_RUNPATH_SEARCH_PATHS = "$(inherited) @executable_path/Frameworks @loader_path/Frameworks";
				PRODUCT_NAME = "$(TARGET_NAME)";
				TEST_HOST = "$(BUILT_PRODUCTS_DIR)/TennisKata.app/TennisKata";
			};
			name = Debug;
		};
		10B50A141ADC7FDA00349631 /* Release */ = {
			isa = XCBuildConfiguration;
			buildSettings = {
				BUNDLE_LOADER = "$(TEST_HOST)";
				FRAMEWORK_SEARCH_PATHS = (
					"$(SDKROOT)/Developer/Library/Frameworks",
					"$(inherited)",
				);
				INFOPLIST_FILE = TennisKataTests/Info.plist;
				LD_RUNPATH_SEARCH_PATHS = "$(inherited) @executable_path/Frameworks @loader_path/Frameworks";
				PRODUCT_NAME = "$(TARGET_NAME)";
				TEST_HOST = "$(BUILT_PRODUCTS_DIR)/TennisKata.app/TennisKata";
			};
			name = Release;
		};
/* End XCBuildConfiguration section */

/* Begin XCConfigurationList section */
		10B509EB1ADC7FDA00349631 /* Build configuration list for PBXProject "TennisKata" */ = {
			isa = XCConfigurationList;
			buildConfigurations = (
				10B50A0D1ADC7FDA00349631 /* Debug */,
				10B50A0E1ADC7FDA00349631 /* Release */,
			);
			defaultConfigurationIsVisible = 0;
			defaultConfigurationName = Release;
		};
		10B50A0F1ADC7FDA00349631 /* Build configuration list for PBXNativeTarget "TennisKata" */ = {
			isa = XCConfigurationList;
			buildConfigurations = (
				10B50A101ADC7FDA00349631 /* Debug */,
				10B50A111ADC7FDA00349631 /* Release */,
			);
			defaultConfigurationIsVisible = 0;
		};
		10B50A121ADC7FDA00349631 /* Build configuration list for PBXNativeTarget "TennisKataTests" */ = {
			isa = XCConfigurationList;
			buildConfigurations = (
				10B50A131ADC7FDA00349631 /* Debug */,
				10B50A141ADC7FDA00349631 /* Release */,
			);
			defaultConfigurationIsVisible = 0;
		};
/* End XCConfigurationList section */
	};
	rootObject = 10B509E81ADC7FDA00349631 /* Project object */;
}
